
Microsoft Visual Studio Solution File, Format Version 12.00
# Visual Studio Version 16
VisualStudioVersion = 16.0.29709.97
MinimumVisualStudioVersion = 10.0.40219.1
Project("{FAE04EC0-301F-11D3-BF4B-00C04F79EFBC}") = "Praktika3", "Praktika3.csproj", "{A2D33DD0-ED13-4E08-8756-B64A45DC1292}"
EndProject
Global
	GlobalSection(SolutionConfigurationPlatforms) = preSolution
		Debug|Any CPU = Debug|Any CPU
		Release|Any CPU = Release|Any CPU
	EndGlobalSection
	GlobalSection(ProjectConfigurationPlatforms) = postSolution
		{A2D33DD0-ED13-4E08-8756-B64A45DC1292}.Debug|Any CPU.ActiveCfg = Debug|Any CPU
		{A2D33DD0-ED13-4E08-8756-B64A45DC1292}.Debug|Any CPU.Build.0 = Debug|Any CPU
		{A2D33DD0-ED13-4E08-8756-B64A45DC1292}.Release|Any CPU.ActiveCfg = Release|Any CPU
		{A2D33DD0-ED13-4E08-8756-B64A45DC1292}.Release|Any CPU.Build.0 = Release|Any CPU
	EndGlobalSection
	GlobalSection(SolutionProperties) = preSolution
		HideSolutionNode = FALSE
	EndGlobalSection
	GlobalSection(ExtensibilityGlobals) = postSolution
		SolutionGuid = {43EDC0AA-024E-4BC9-A054-1639B71AD8FF}
	EndGlobalSection
EndGlobal
